
Microsoft Visual Studio Solution File, Format Version 12.00
# Visual Studio Version 17
VisualStudioVersion = 17.9.34701.34
MinimumVisualStudioVersion = 10.0.40219.1
Project("{9A19103F-16F7-4668-BE54-9A1E7A4F7556}") = "Insertion", "Insertion\Insertion.csproj", "{9183016A-87C0-47E3-B8F3-E99D2053371E}"
EndProject
Project("{9A19103F-16F7-4668-BE54-9A1E7A4F7556}") = "Bubble Sort", "Bubble Sort\Bubble Sort.csproj", "{B4AEFE48-FC41-4411-A53C-59DFF41213AF}"
EndProject
Project("{FAE04EC0-301F-11D3-BF4B-00C04F79EFBC}") = "SelectionSort", "SelectionSort\SelectionSort.csproj", "{F38505FB-BF48-4C52-AB2F-01FF67B46D24}"
EndProject
Project("{FAE04EC0-301F-11D3-BF4B-00C04F79EFBC}") = "LinearSearch", "LinearSearch\LinearSearch.csproj", "{524F5CB2-D039-4CEB-87E7-249DDD61F996}"
EndProject
Project("{FAE04EC0-301F-11D3-BF4B-00C04F79EFBC}") = "BinarySearch", "BinarySearch\BinarySearch.csproj", "{FD7D2D75-370B-48D7-A18F-6BDBE08F5EF9}"
EndProject
Global
	GlobalSection(SolutionConfigurationPlatforms) = preSolution
		Debug|Any CPU = Debug|Any CPU
		Release|Any CPU = Release|Any CPU
	EndGlobalSection
	GlobalSection(ProjectConfigurationPlatforms) = postSolution
		{9183016A-87C0-47E3-B8F3-E99D2053371E}.Debug|Any CPU.ActiveCfg = Debug|Any CPU
		{9183016A-87C0-47E3-B8F3-E99D2053371E}.Debug|Any CPU.Build.0 = Debug|Any CPU
		{9183016A-87C0-47E3-B8F3-E99D2053371E}.Release|Any CPU.ActiveCfg = Release|Any CPU
		{9183016A-87C0-47E3-B8F3-E99D2053371E}.Release|Any CPU.Build.0 = Release|Any CPU
		{B4AEFE48-FC41-4411-A53C-59DFF41213AF}.Debug|Any CPU.ActiveCfg = Debug|Any CPU
		{B4AEFE48-FC41-4411-A53C-59DFF41213AF}.Debug|Any CPU.Build.0 = Debug|Any CPU
		{B4AEFE48-FC41-4411-A53C-59DFF41213AF}.Release|Any CPU.ActiveCfg = Release|Any CPU
		{B4AEFE48-FC41-4411-A53C-59DFF41213AF}.Release|Any CPU.Build.0 = Release|Any CPU
		{F38505FB-BF48-4C52-AB2F-01FF67B46D24}.Debug|Any CPU.ActiveCfg = Debug|Any CPU
		{F38505FB-BF48-4C52-AB2F-01FF67B46D24}.Debug|Any CPU.Build.0 = Debug|Any CPU
		{F38505FB-BF48-4C52-AB2F-01FF67B46D24}.Release|Any CPU.ActiveCfg = Release|Any CPU
		{F38505FB-BF48-4C52-AB2F-01FF67B46D24}.Release|Any CPU.Build.0 = Release|Any CPU
		{524F5CB2-D039-4CEB-87E7-249DDD61F996}.Debug|Any CPU.ActiveCfg = Debug|Any CPU
		{524F5CB2-D039-4CEB-87E7-249DDD61F996}.Debug|Any CPU.Build.0 = Debug|Any CPU
		{524F5CB2-D039-4CEB-87E7-249DDD61F996}.Release|Any CPU.ActiveCfg = Release|Any CPU
		{524F5CB2-D039-4CEB-87E7-249DDD61F996}.Release|Any CPU.Build.0 = Release|Any CPU
		{FD7D2D75-370B-48D7-A18F-6BDBE08F5EF9}.Debug|Any CPU.ActiveCfg = Debug|Any CPU
		{FD7D2D75-370B-48D7-A18F-6BDBE08F5EF9}.Debug|Any CPU.Build.0 = Debug|Any CPU
		{FD7D2D75-370B-48D7-A18F-6BDBE08F5EF9}.Release|Any CPU.ActiveCfg = Release|Any CPU
		{FD7D2D75-370B-48D7-A18F-6BDBE08F5EF9}.Release|Any CPU.Build.0 = Release|Any CPU
	EndGlobalSection
	GlobalSection(SolutionProperties) = preSolution
		HideSolutionNode = FALSE
	EndGlobalSection
	GlobalSection(ExtensibilityGlobals) = postSolution
		SolutionGuid = {E4498ABE-C8A3-464C-B7FD-7A942584B932}
	EndGlobalSection
EndGlobal
